
Microsoft Visual Studio Solution File, Format Version 12.00
# Visual Studio Version 16
VisualStudioVersion = 16.0.30011.22
MinimumVisualStudioVersion = 10.0.40219.1
Project("{FAE04EC0-301F-11D3-BF4B-00C04F79EFBC}") = "JavaScriptProject", "JavaScriptProject.csproj", "{FD1E8409-7FBA-436D-B6D0-7D1D909B9122}"
EndProject
Global
	GlobalSection(SolutionConfigurationPlatforms) = preSolution
		Debug|Any CPU = Debug|Any CPU
		Release|Any CPU = Release|Any CPU
	EndGlobalSection
	GlobalSection(ProjectConfigurationPlatforms) = postSolution
		{FD1E8409-7FBA-436D-B6D0-7D1D909B9122}.Debug|Any CPU.ActiveCfg = Debug|Any CPU
		{FD1E8409-7FBA-436D-B6D0-7D1D909B9122}.Debug|Any CPU.Build.0 = Debug|Any CPU
		{FD1E8409-7FBA-436D-B6D0-7D1D909B9122}.Release|Any CPU.ActiveCfg = Release|Any CPU
		{FD1E8409-7FBA-436D-B6D0-7D1D909B9122}.Release|Any CPU.Build.0 = Release|Any CPU
	EndGlobalSection
	GlobalSection(SolutionProperties) = preSolution
		HideSolutionNode = FALSE
	EndGlobalSection
	GlobalSection(ExtensibilityGlobals) = postSolution
		SolutionGuid = {C913E13C-0E04-4A36-86DC-ADC9A8A389AC}
	EndGlobalSection
EndGlobal
